<?xml version="1.0" encoding="utf-8"?>
<Project ToolsVersion="4.0" xmlns="http://schemas.microsoft.com/developer/msbuild/2003">
  <ItemGroup>
    <Filter Include="ソース ファイル">
      <UniqueIdentifier>{4FC737F1-C7A5-4376-A066-2A32D752A2FF}</UniqueIdentifier>
      <Extensions>cpp;c;cc;cxx;c++;cppm;ixx;def;odl;idl;hpj;bat;asm;asmx</Extensions>
    </Filter>
    <Filter Include="ヘッダー ファイル">
      <UniqueIdentifier>{93995380-89BD-4b04-88EB-625FBE52EBFB}</UniqueIdentifier>
      <Extensions>h;hh;hpp;hxx;h++;hm;inl;inc;ipp;xsd</Extensions>
    </Filter>
    <Filter Include="リソース ファイル">
      <UniqueIdentifier>{67DA6AB6-F800-4c08-8B7A-83BB121AAD01}</UniqueIdentifier>
      <Extensions>rc;ico;cur;bmp;dlg;rc2;rct;bin;rgs;gif;jpg;jpeg;jpe;resx;tiff;tif;png;wav;mfcribbon-ms</Extensions>
    </Filter>
    <Filter Include="ヘッダー ファイル\core">
      <UniqueIdentifier>{36e14c0e-9e15-43b0-a3a3-c2c7bc621ef5}</UniqueIdentifier>
    </Filter>
    <Filter Include="ヘッダー ファイル\manager">
      <UniqueIdentifier>{eae990df-abff-4618-96ba-322619494dd8}</UniqueIdentifier>
    </Filter>
    <Filter Include="ソース ファイル\manager">
      <UniqueIdentifier>{f0d43a3d-488a-4031-aa91-1f7faf9a72c2}</UniqueIdentifier>
    </Filter>
    <Filter Include="ヘッダー ファイル\constant">
      <UniqueIdentifier>{89285bd9-21f6-4c7c-abb2-83dc27fe1793}</UniqueIdentifier>
    </Filter>
    <Filter Include="ヘッダー ファイル\core\time">
      <UniqueIdentifier>{34a4b6f6-79f1-49fd-a713-dc44ce210d9f}</UniqueIdentifier>
    </Filter>
    <Filter Include="ソース ファイル\core">
      <UniqueIdentifier>{d3c8f744-ca8e-4c4f-93d4-b18f00e6356f}</UniqueIdentifier>
    </Filter>
    <Filter Include="ソース ファイル\core\time">
      <UniqueIdentifier>{2ab2dbd1-8b70-4afa-a01f-dbae1e96218c}</UniqueIdentifier>
    </Filter>
    <Filter Include="ソース ファイル\core\config">
      <UniqueIdentifier>{cdc37f45-cf46-4618-bf06-380f7a94bd12}</UniqueIdentifier>
    </Filter>
    <Filter Include="ヘッダー ファイル\core\config">
      <UniqueIdentifier>{1bb6e8d1-db79-4c10-a824-e517cb918981}</UniqueIdentifier>
    </Filter>
    <Filter Include="ヘッダー ファイル\util">
      <UniqueIdentifier>{87daca24-efe3-4860-a3a1-017d48a92fe4}</UniqueIdentifier>
    </Filter>
  </ItemGroup>
  <ItemGroup>
    <ClCompile Include="main.cpp">
      <Filter>ソース ファイル</Filter>
    </ClCompile>
    <ClCompile Include="ImageManager.cpp">
      <Filter>ソース ファイル\manager</Filter>
    </ClCompile>
    <ClCompile Include="SoundManager.cpp">
      <Filter>ソース ファイル\manager</Filter>
    </ClCompile>
    <ClCompile Include="FramePacer.cpp">
      <Filter>ソース ファイル\core\time</Filter>
    </ClCompile>
    <ClCompile Include="LoadIni.cpp">
      <Filter>ソース ファイル\core\config</Filter>
    </ClCompile>
  </ItemGroup>
  <ItemGroup>
    <ClInclude Include="Singleton.h">
      <Filter>ヘッダー ファイル\core</Filter>
    </ClInclude>
    <ClInclude Include="ImageManager.h">
      <Filter>ヘッダー ファイル\manager</Filter>
    </ClInclude>
    <ClInclude Include="ImageID.h">
      <Filter>ヘッダー ファイル\constant</Filter>
    </ClInclude>
    <ClInclude Include="SoundManager.h">
      <Filter>ヘッダー ファイル\manager</Filter>
    </ClInclude>
    <ClInclude Include="InputManager.h">
      <Filter>ヘッダー ファイル\manager</Filter>
    </ClInclude>
    <ClInclude Include="FramePacer.h">
      <Filter>ヘッダー ファイル\core\time</Filter>
    </ClInclude>
    <ClInclude Include="LoadIni.h">
      <Filter>ヘッダー ファイル\core\config</Filter>
    </ClInclude>
    <ClInclude Include="debug.h">
      <Filter>ヘッダー ファイル\util</Filter>
    </ClInclude>
  </ItemGroup>
</Project>